
Microsoft Visual Studio Solution File, Format Version 12.00
# Visual Studio Version 16
VisualStudioVersion = 25.0.1706.7
MinimumVisualStudioVersion = 10.0.40219.1
Project("{FAE04EC0-301F-11D3-BF4B-00C04F79EFBC}") = "MVC2024", "MVC2024\MVC2024.csproj", "{C0A5C48A-DCB8-42B2-9581-516E953FD077}"
EndProject
Global
	GlobalSection(SolutionConfigurationPlatforms) = preSolution
		Debug|Any CPU = Debug|Any CPU
		Release|Any CPU = Release|Any CPU
	EndGlobalSection
	GlobalSection(ProjectConfigurationPlatforms) = postSolution
		{C0A5C48A-DCB8-42B2-9581-516E953FD077}.Debug|Any CPU.ActiveCfg = Debug|Any CPU
		{C0A5C48A-DCB8-42B2-9581-516E953FD077}.Debug|Any CPU.Build.0 = Debug|Any CPU
		{C0A5C48A-DCB8-42B2-9581-516E953FD077}.Release|Any CPU.ActiveCfg = Release|Any CPU
		{C0A5C48A-DCB8-42B2-9581-516E953FD077}.Release|Any CPU.Build.0 = Release|Any CPU
	EndGlobalSection
	GlobalSection(SolutionProperties) = preSolution
		HideSolutionNode = FALSE
	EndGlobalSection
	GlobalSection(ExtensibilityGlobals) = postSolution
		SolutionGuid = {28A91047-4D86-42A3-BB7D-4356C8AA980C}
	EndGlobalSection
EndGlobal
